
Microsoft Visual Studio Solution File, Format Version 12.00
# Visual Studio Version 17
VisualStudioVersion = 17.12.35527.113
MinimumVisualStudioVersion = 10.0.40219.1
Project("{FAE04EC0-301F-11D3-BF4B-00C04F79EFBC}") = "e-commerce", "e-commerce\e-commerce.csproj", "{03F77CDC-5C71-411F-8DD2-E3CD5ED7BDCE}"
EndProject
Project("{FAE04EC0-301F-11D3-BF4B-00C04F79EFBC}") = "ornae-commerce", "ornae-commerce\ornae-commerce.csproj", "{44971A14-9D36-4EE5-8827-0EB146ADF9B9}"
EndProject
Global
	GlobalSection(SolutionConfigurationPlatforms) = preSolution
		Debug|Any CPU = Debug|Any CPU
		Release|Any CPU = Release|Any CPU
	EndGlobalSection
	GlobalSection(ProjectConfigurationPlatforms) = postSolution
		{03F77CDC-5C71-411F-8DD2-E3CD5ED7BDCE}.Debug|Any CPU.ActiveCfg = Debug|Any CPU
		{03F77CDC-5C71-411F-8DD2-E3CD5ED7BDCE}.Debug|Any CPU.Build.0 = Debug|Any CPU
		{03F77CDC-5C71-411F-8DD2-E3CD5ED7BDCE}.Release|Any CPU.ActiveCfg = Release|Any CPU
		{03F77CDC-5C71-411F-8DD2-E3CD5ED7BDCE}.Release|Any CPU.Build.0 = Release|Any CPU
		{44971A14-9D36-4EE5-8827-0EB146ADF9B9}.Debug|Any CPU.ActiveCfg = Debug|Any CPU
		{44971A14-9D36-4EE5-8827-0EB146ADF9B9}.Debug|Any CPU.Build.0 = Debug|Any CPU
		{44971A14-9D36-4EE5-8827-0EB146ADF9B9}.Release|Any CPU.ActiveCfg = Release|Any CPU
		{44971A14-9D36-4EE5-8827-0EB146ADF9B9}.Release|Any CPU.Build.0 = Release|Any CPU
	EndGlobalSection
	GlobalSection(SolutionProperties) = preSolution
		HideSolutionNode = FALSE
	EndGlobalSection
EndGlobal
